
Microsoft Visual Studio Solution File, Format Version 12.00
# Visual Studio Version 17
VisualStudioVersion = 17.8.34511.84
MinimumVisualStudioVersion = 10.0.40219.1
Project("{FAE04EC0-301F-11D3-BF4B-00C04F79EFBC}") = "PrimeiroProjeto", "PrimeiroProjeto\PrimeiroProjeto.csproj", "{1DCC4D1B-1541-4544-844A-529E14D94EC9}"
EndProject
Global
	GlobalSection(SolutionConfigurationPlatforms) = preSolution
		Debug|Any CPU = Debug|Any CPU
		Release|Any CPU = Release|Any CPU
	EndGlobalSection
	GlobalSection(ProjectConfigurationPlatforms) = postSolution
		{1DCC4D1B-1541-4544-844A-529E14D94EC9}.Debug|Any CPU.ActiveCfg = Debug|Any CPU
		{1DCC4D1B-1541-4544-844A-529E14D94EC9}.Debug|Any CPU.Build.0 = Debug|Any CPU
		{1DCC4D1B-1541-4544-844A-529E14D94EC9}.Release|Any CPU.ActiveCfg = Release|Any CPU
		{1DCC4D1B-1541-4544-844A-529E14D94EC9}.Release|Any CPU.Build.0 = Release|Any CPU
	EndGlobalSection
	GlobalSection(SolutionProperties) = preSolution
		HideSolutionNode = FALSE
	EndGlobalSection
	GlobalSection(ExtensibilityGlobals) = postSolution
		SolutionGuid = {7753A095-8A39-4FE4-B756-BD22A160E60A}
	EndGlobalSection
EndGlobal
